# This file is automatically @generated by Poetry and should not be changed by hand.

[[package]]
name = "click"
version = "8.1.5"
description = "Composable command line interface toolkit"
category = "main"
optional = false
python-versions = ">=3.7"
files = [
    {file = "click-8.1.5-py3-none-any.whl", hash = "sha256:e576aa487d679441d7d30abb87e1b43d24fc53bffb8758443b1a9e1cee504548"},
    {file = "click-8.1.5.tar.gz", hash = "sha256:4be4b1af8d665c6d942909916d31a213a106800c47d0eeba73d34da3cbc11367"},
]

[package.dependencies]
colorama = {version = "*", markers = "platform_system == \"Windows\""}

[[package]]
name = "colorama"
version = "0.4.6"
description = "Cross-platform colored terminal text."
category = "main"
optional = false
python-versions = "!=3.0.*,!=3.1.*,!=3.2.*,!=3.3.*,!=3.4.*,!=3.5.*,!=3.6.*,>=2.7"
files = [
    {file = "colorama-0.4.6-py2.py3-none-any.whl", hash = "sha256:4f1d9991f5acc0ca119f9d443620b77f9d6b33703e51011c16baf57afb285fc6"},
    {file = "colorama-0.4.6.tar.gz", hash = "sha256:08695f5cb7ed6e0531a20572697297273c47b8cae5a63ffc6d6ed5c201be6e44"},
]

[[package]]
name = "msgspec"
version = "0.17.0"
description = "A fast serialization and validation library, with builtin support for JSON, MessagePack, YAML, and TOML."
category = "main"
optional = false
python-versions = ">=3.8"
files = [
    {file = "msgspec-0.17.0-cp310-cp310-macosx_10_9_x86_64.whl", hash = "sha256:c7bb4fa0021198cc87ece9fd4cbaa7241782f6c1d7b4fab71bb59c30e83c95c8"},
    {file = "msgspec-0.17.0-cp310-cp310-macosx_11_0_arm64.whl", hash = "sha256:7ab367dd0b8a8c989d295e8ef086305e41a3c73fa3208322da4826f04e24b3c5"},
    {file = "msgspec-0.17.0-cp310-cp310-manylinux_2_17_aarch64.manylinux2014_aarch64.whl", hash = "sha256:cccef9b4216c28f470855540d2649cbcf9eefd74c17984259ed3cbbaaa818c5d"},
    {file = "msgspec-0.17.0-cp310-cp310-manylinux_2_17_x86_64.manylinux2014_x86_64.whl", hash = "sha256:9fb9f68ae2068a96b29d92cc4d142440e616b0a077b53a68b3445c62a2f31edc"},
    {file = "msgspec-0.17.0-cp310-cp310-musllinux_1_1_aarch64.whl", hash = "sha256:3adc3f4016aa5ea1bd51c8d5c2a38172f1965dd231e03defed04ff2a0effb361"},
    {file = "msgspec-0.17.0-cp310-cp310-musllinux_1_1_x86_64.whl", hash = "sha256:98995159d95b4ed65c8cc185bd877fec67f41cb23925237a82efb066ef778fa8"},
    {file = "msgspec-0.17.0-cp310-cp310-win_amd64.whl", hash = "sha256:7e7e016cd79dc12935b6f5e8ff358ea5908cb84756c84a9fa2f3d8e5405740f3"},
    {file = "msgspec-0.17.0-cp311-cp311-macosx_10_9_x86_64.whl", hash = "sha256:c1a0c8390014ee2b65d0d36d9cc28e74092166e8f44adf3dcb85e1ef25933787"},
    {file = "msgspec-0.17.0-cp311-cp311-macosx_11_0_arm64.whl", hash = "sha256:f8096ca82e9a3e6fa09106bfac27eb8296c4cead02fdd297bb8af87254e58bad"},
    {file = "msgspec-0.17.0-cp311-cp311-manylinux_2_17_aarch64.manylinux2014_aarch64.whl", hash = "sha256:025986a5b1fd81c3dd1bb591bbc01ac03844b57685fcf4a14ed07ae1967b6d03"},
    {file = "msgspec-0.17.0-cp311-cp311-manylinux_2_17_x86_64.manylinux2014_x86_64.whl", hash = "sha256:4b0c52118aec347d15f75354b2fa27f1c9cd29b6ec12b74ef2ef988a0d702f5d"},
    {file = "msgspec-0.17.0-cp311-cp311-musllinux_1_1_aarch64.whl", hash = "sha256:86ca5710174970d9aeefc2ced4fcc4a27f5ff065840356cf1c747399aa4ad5a8"},
    {file = "msgspec-0.17.0-cp311-cp311-musllinux_1_1_x86_64.whl", hash = "sha256:3d39dc3a44a479f35afcc21d97c4ea90a385afee0b766c7780ca2bda99480e3c"},
    {file = "msgspec-0.17.0-cp311-cp311-win_amd64.whl", hash = "sha256:79c3ab0bac7dd6492f6c03e347f0e9e5187d9658b8e7c85fdc96dd4820de970b"},
    {file = "msgspec-0.17.0-cp38-cp38-macosx_10_9_x86_64.whl", hash = "sha256:832e841d17bc2b4d74eee6aa16c818074cc9104c9a79466dbd49162600af8e9b"},
    {file = "msgspec-0.17.0-cp38-cp38-macosx_11_0_arm64.whl", hash = "sha256:80021321fea9be9e03c7675f6bdce06d9c91dbfb4aec78044cd243491ed49fa9"},
    {file = "msgspec-0.17.0-cp38-cp38-manylinux_2_17_aarch64.manylinux2014_aarch64.whl", hash = "sha256:51aec8ae03348525749f4eff4ed59fc7369383877ad65e0f00de3e357c4ecfa6"},
    {file = "msgspec-0.17.0-cp38-cp38-manylinux_2_17_x86_64.manylinux2014_x86_64.whl", hash = "sha256:93fcff4e7923050cbfb3be8b4763a95862c3bf35d198684f3ebc3c486a1f66a5"},
    {file = "msgspec-0.17.0-cp38-cp38-musllinux_1_1_aarch64.whl", hash = "sha256:396908a124f633c3e267ec01b5bffdbefd592b15ddfda63c1af798e0102c35c8"},
    {file = "msgspec-0.17.0-cp38-cp38-musllinux_1_1_x86_64.whl", hash = "sha256:23581f8c1ffa488c2c3c78359868ee408528dad5e02af94e87e8d4773d118399"},
    {file = "msgspec-0.17.0-cp38-cp38-win_amd64.whl", hash = "sha256:bc3f9fbb3d127a0c9734d43870b565a809c1fe2a0913d04170fa1222dfb131dc"},
    {file = "msgspec-0.17.0-cp39-cp39-macosx_10_9_x86_64.whl", hash = "sha256:556413e59a8017c12a177218b3d3c16bb7217dc0371853b61e4c98df19515088"},
    {file = "msgspec-0.17.0-cp39-cp39-macosx_11_0_arm64.whl", hash = "sha256:de90a979e48e95ab6175a59f3f256a88984ff599edd5d3948993dfd6ecff83d0"},
    {file = "msgspec-0.17.0-cp39-cp39-manylinux_2_17_aarch64.manylinux2014_aarch64.whl", hash = "sha256:ce2a7da8669887b17bed92d3143aa0cc936fabdadcdd43c9ed09cfaca71a2fc5"},
    {file = "msgspec-0.17.0-cp39-cp39-manylinux_2_17_x86_64.manylinux2014_x86_64.whl", hash = "sha256:0aded9cd083d3a966610b6b01787106fa6aab495486420163a7b872704767da0"},
    {file = "msgspec-0.17.0-cp39-cp39-musllinux_1_1_aarch64.whl", hash = "sha256:b5e49b9a302acee0808466b1af31c675d7cf8fd5ee78874109b5a44cb40c67e8"},
    {file = "msgspec-0.17.0-cp39-cp39-musllinux_1_1_x86_64.whl", hash = "sha256:59ab1e250a84516413dee3542ff2b43f46fe521adfdc01e628198ce94553ff1e"},
    {file = "msgspec-0.17.0-cp39-cp39-win_amd64.whl", hash = "sha256:5f1b7c9d9f41b8c7724dc206aadbbe84d1641d20a1ff6dab04f0caf2a5bfd438"},
    {file = "msgspec-0.17.0.tar.gz", hash = "sha256:4e2f2faeeb7aef5c2e4c78e375443134238ee966e54bba75cdb1936939673da7"},
]

[package.extras]
dev = ["attrs", "coverage", "furo", "gcovr", "ipython", "msgpack", "mypy", "pre-commit", "pyright", "pytest", "pyyaml", "sphinx", "sphinx-copybutton", "sphinx-design", "tomli", "tomli-w"]
doc = ["furo", "ipython", "sphinx", "sphinx-copybutton", "sphinx-design"]
test = ["attrs", "msgpack", "mypy", "pyright", "pytest", "pyyaml", "tomli", "tomli-w"]
toml = ["tomli", "tomli-w"]
yaml = ["pyyaml"]

[[package]]
name = "pyside6-essentials"
version = "6.5.1.1"
description = "Python bindings for the Qt cross-platform application and UI framework (Essentials)"
category = "main"
optional = false
python-versions = "<3.12,>=3.7"
files = [
    {file = "PySide6_Essentials-6.5.1.1-cp37-abi3-macosx_10_9_universal2.whl", hash = "sha256:c0cc3b1e7ca0e6b7a0cb8190a8538242972df43c1f9014cc0cd066d4ed7fc83a"},
    {file = "PySide6_Essentials-6.5.1.1-cp37-abi3-manylinux_2_28_x86_64.whl", hash = "sha256:bfd8900b1bf6a595b7d63539817bc825941f737486a093d519514c5b67af789f"},
    {file = "PySide6_Essentials-6.5.1.1-cp37-abi3-win_amd64.whl", hash = "sha256:1346e6a4e97d97f54e6c0805150c6dead4cc0e7914d77167f836eb36b83acb5c"},
    {file = "PySide6_Essentials-6.5.1.1-pp39-pypy39_pp73-macosx_10_9_universal2.whl", hash = "sha256:0111386918064fa84a498ed7a6e93ec4155fe96e8d4f9c9e3ac54a5b65ddfadf"},
    {file = "PySide6_Essentials-6.5.1.1-pp39-pypy39_pp73-manylinux_2_28_x86_64.whl", hash = "sha256:6264b00099a9bed0020460033e2a4369513e0e69f7abe3f436c3c6390164bcea"},
    {file = "PySide6_Essentials-6.5.1.1-pp39-pypy39_pp73-win_amd64.whl", hash = "sha256:620cefb6c954d59f941f06acecfe5cdf42bf470f2f3e6b9d023f49f93d740080"},
]

[package.dependencies]
shiboken6 = "6.5.1.1"

[[package]]
name = "shiboken6"
version = "6.5.1.1"
description = "Python/C++ bindings helper module"
category = "main"
optional = false
python-versions = "<3.12,>=3.7"
files = [
    {file = "shiboken6-6.5.1.1-cp37-abi3-macosx_10_9_universal2.whl", hash = "sha256:59fc1797df38c9e8c89cc43d5996a4c0331d0258087fa9d6466b03822aba6ff2"},
    {file = "shiboken6-6.5.1.1-cp37-abi3-manylinux_2_28_x86_64.whl", hash = "sha256:4338a8eb00e8d6f5b27edf85ab689ada905a4490c73ed3f23ff3b3c5f72a563e"},
    {file = "shiboken6-6.5.1.1-cp37-abi3-win_amd64.whl", hash = "sha256:aa6289cdbaa12f364f1c45d60d9d483c3842ee9cf6e9acdc3efd21cd460c2eb5"},
    {file = "shiboken6-6.5.1.1-pp39-pypy39_pp73-macosx_10_9_universal2.whl", hash = "sha256:db029b9d895052c1f42b1f929af3a5f6e688a88c5862aed24d5094086b034ab2"},
    {file = "shiboken6-6.5.1.1-pp39-pypy39_pp73-manylinux_2_28_x86_64.whl", hash = "sha256:1c7ba82093d66ace5c7a07ed9c7b4ea57a311ddbfecbe44aff7ed023efc8a380"},
    {file = "shiboken6-6.5.1.1-pp39-pypy39_pp73-win_amd64.whl", hash = "sha256:34cacba2954bff632476fbead190868c6f068a6dd9e5c8fd7d2ed4f8f5cfade4"},
]

[metadata]
lock-version = "2.0"
python-versions = ">=3.11,<3.12"
content-hash = "aa8e5fb00c8fee05fa618abc6da51e278bc9a35ef4deeba0a3a7b9e5b06893c5"
